
Microsoft Visual Studio Solution File, Format Version 12.00
# Visual Studio 15
VisualStudioVersion = 15.0.27703.2042
MinimumVisualStudioVersion = 10.0.40219.1
Project("{FAE04EC0-301F-11D3-BF4B-00C04F79EFBC}") = "WebApplicationTwoSum", "WebApplicationTwoSum\WebApplicationTwoSum.csproj", "{3B8D6862-1999-4BDE-8B2C-98A12A0F7D91}"
EndProject
Global
	GlobalSection(SolutionConfigurationPlatforms) = preSolution
		Debug|Any CPU = Debug|Any CPU
		Release|Any CPU = Release|Any CPU
	EndGlobalSection
	GlobalSection(ProjectConfigurationPlatforms) = postSolution
		{3B8D6862-1999-4BDE-8B2C-98A12A0F7D91}.Debug|Any CPU.ActiveCfg = Debug|Any CPU
		{3B8D6862-1999-4BDE-8B2C-98A12A0F7D91}.Debug|Any CPU.Build.0 = Debug|Any CPU
		{3B8D6862-1999-4BDE-8B2C-98A12A0F7D91}.Release|Any CPU.ActiveCfg = Release|Any CPU
		{3B8D6862-1999-4BDE-8B2C-98A12A0F7D91}.Release|Any CPU.Build.0 = Release|Any CPU
	EndGlobalSection
	GlobalSection(SolutionProperties) = preSolution
		HideSolutionNode = FALSE
	EndGlobalSection
	GlobalSection(ExtensibilityGlobals) = postSolution
		SolutionGuid = {13C0B7D7-A5CF-4226-8DE8-68C93374511E}
	EndGlobalSection
EndGlobal
